
Microsoft Visual Studio Solution File, Format Version 12.00
# Visual Studio 2013
VisualStudioVersion = 12.0.40629.0
MinimumVisualStudioVersion = 10.0.40219.1
Project("{FAE04EC0-301F-11D3-BF4B-00C04F79EFBC}") = "DynamicPictureStudio", "DynamicPictureStudio\DynamicPictureStudio.csproj", "{D54EB586-24C0-4E13-9E72-3B41EDC269CE}"
EndProject
Global
	GlobalSection(SolutionConfigurationPlatforms) = preSolution
		Debug|Any CPU = Debug|Any CPU
		Release|Any CPU = Release|Any CPU
	EndGlobalSection
	GlobalSection(ProjectConfigurationPlatforms) = postSolution
		{D54EB586-24C0-4E13-9E72-3B41EDC269CE}.Debug|Any CPU.ActiveCfg = Debug|Any CPU
		{D54EB586-24C0-4E13-9E72-3B41EDC269CE}.Debug|Any CPU.Build.0 = Debug|Any CPU
		{D54EB586-24C0-4E13-9E72-3B41EDC269CE}.Release|Any CPU.ActiveCfg = Release|Any CPU
		{D54EB586-24C0-4E13-9E72-3B41EDC269CE}.Release|Any CPU.Build.0 = Release|Any CPU
	EndGlobalSection
	GlobalSection(SolutionProperties) = preSolution
		HideSolutionNode = FALSE
	EndGlobalSection
EndGlobal
